
Microsoft Visual Studio Solution File, Format Version 12.00
# Visual Studio 15
VisualStudioVersion = 15.0.27130.2027
MinimumVisualStudioVersion = 10.0.40219.1
Project("{9A19103F-16F7-4668-BE54-9A1E7A4F7556}") = "SFA.DAS.AssessorService.Application.Api", "SFA.DAS.AssessorService.Application.Api\SFA.DAS.AssessorService.Application.Api.csproj", "{7D3308DD-5535-49B4-BC33-2F8030027592}"
EndProject
Project("{9A19103F-16F7-4668-BE54-9A1E7A4F7556}") = "SFA.DAS.AssessorService.Web", "SFA.DAS.AssessorService.Web\SFA.DAS.AssessorService.Web.csproj", "{CC8BD1D6-B3DB-454C-BC39-C035ED99CF56}"
EndProject
Project("{9A19103F-16F7-4668-BE54-9A1E7A4F7556}") = "SFA.DAS.AssessorService.Web.UnitTests", "SFA.DAS.AssessorService.Web.UnitTests\SFA.DAS.AssessorService.Web.UnitTests.csproj", "{F8E42D52-9A76-4475-92FA-CF8FF286EF4C}"
EndProject
Project("{9A19103F-16F7-4668-BE54-9A1E7A4F7556}") = "SFA.DAS.AssessorService.Application.Api.UnitTests", "SFA.DAS.AssessorService.Application.Api.UnitTests\SFA.DAS.AssessorService.Application.Api.UnitTests.csproj", "{E6E3A82F-A269-42E3-A1C6-0B157CFF4408}"
EndProject
Project("{2150E333-8FDC-42A3-9474-1A3956D46DE8}") = "Tests", "Tests", "{EB54D000-867F-48CA-AE28-BDBE0CCE1322}"
EndProject
Project("{9A19103F-16F7-4668-BE54-9A1E7A4F7556}") = "SFA.DAS.AssessorService.Integration", "SFA.DAS.AssessorService.Integration\SFA.DAS.AssessorService.Integration.csproj", "{39B77149-636E-4C8B-A7DC-1FAAD0596CC1}"
EndProject
Project("{9A19103F-16F7-4668-BE54-9A1E7A4F7556}") = "SFA.DAS.AssessorService.Domain", "SFA.DAS.AssessorService.Domain\SFA.DAS.AssessorService.Domain.csproj", "{95283279-6151-4580-A781-93903696A1A2}"
EndProject
Project("{9A19103F-16F7-4668-BE54-9A1E7A4F7556}") = "SFA.DAS.AssessorService.Application", "SFA.DAS.AssessorService.Application\SFA.DAS.AssessorService.Application.csproj", "{AC67EDD9-70F9-4A60-B7D3-74E1434D8800}"
EndProject
Project("{9A19103F-16F7-4668-BE54-9A1E7A4F7556}") = "SFA.DAS.AssessorService.Application.UnitTests", "SFA.DAS.AssessorService.Application.UnitTests\SFA.DAS.AssessorService.Application.UnitTests.csproj", "{4C41B95D-C9E5-461A-B198-F1F36A61176A}"
EndProject
Project("{9A19103F-16F7-4668-BE54-9A1E7A4F7556}") = "SFA.DAS.AssessorService.Data", "SFA.DAS.AssessorService.Data\SFA.DAS.AssessorService.Data.csproj", "{A5A5E353-A6B4-4809-83F4-1199572AAF11}"
EndProject
Project("{2150E333-8FDC-42A3-9474-1A3956D46DE8}") = "ExternalApi", "ExternalApi", "{EFD6034B-FA26-4A09-8FDA-D03C3326560C}"
EndProject
Project("{9A19103F-16F7-4668-BE54-9A1E7A4F7556}") = "SFA.DAS.AssessmentOrgs.Api.Client.Core", "SFA.DAS.AssessmentOrgs.Api.Client.Core\SFA.DAS.AssessmentOrgs.Api.Client.Core.csproj", "{13718FBC-6B4E-41BE-A23B-2AFF88F42DA3}"
EndProject
Project("{9A19103F-16F7-4668-BE54-9A1E7A4F7556}") = "SFA.DAS.AssessorService.ViewModel", "SFA.DAS.AssessorService.ViewModel\SFA.DAS.AssessorService.ViewModel.csproj", "{65E918D5-263A-417E-BA96-0326E9260F06}"
EndProject
Project("{9A19103F-16F7-4668-BE54-9A1E7A4F7556}") = "SFA.DAS.AssessorService.Settings", "SFA.DAS.AssessorService.Settings\SFA.DAS.AssessorService.Settings.csproj", "{16E01083-F698-4E7F-9822-B76D251B8655}"
EndProject
Project("{9A19103F-16F7-4668-BE54-9A1E7A4F7556}") = "SFA.DAS.AssessorService.Application.Api.Client", "SFA.DAS.AssessorService.Application.Api.Client\SFA.DAS.AssessorService.Application.Api.Client.csproj", "{37C0A946-56FB-454D-9D17-5D56B45689EC}"
EndProject
Project("{9A19103F-16F7-4668-BE54-9A1E7A4F7556}") = "SFA.DAS.AssessorService.EpaoImporter", "SFA.DAS.AssessorService.EpaoImporter\SFA.DAS.AssessorService.EpaoImporter.csproj", "{9BF85A89-CE68-4668-8CD9-67C3A05F39CD}"
EndProject
Project("{FAE04EC0-301F-11D3-BF4B-00C04F79EFBC}") = "SFA.DAS.AssessorService.EpaoImporter.ConsoleRunner", "SFA.DAS.AssessorService.EpaoImporter.ConsoleRunner\SFA.DAS.AssessorService.EpaoImporter.ConsoleRunner.csproj", "{08DB2206-68FC-4772-B1AC-C62CFBD38B6B}"
EndProject
Global
	GlobalSection(SolutionConfigurationPlatforms) = preSolution
		Debug|Any CPU = Debug|Any CPU
		Release|Any CPU = Release|Any CPU
	EndGlobalSection
	GlobalSection(ProjectConfigurationPlatforms) = postSolution
		{7D3308DD-5535-49B4-BC33-2F8030027592}.Debug|Any CPU.ActiveCfg = Debug|Any CPU
		{7D3308DD-5535-49B4-BC33-2F8030027592}.Debug|Any CPU.Build.0 = Debug|Any CPU
		{7D3308DD-5535-49B4-BC33-2F8030027592}.Release|Any CPU.ActiveCfg = Release|Any CPU
		{7D3308DD-5535-49B4-BC33-2F8030027592}.Release|Any CPU.Build.0 = Release|Any CPU
		{CC8BD1D6-B3DB-454C-BC39-C035ED99CF56}.Debug|Any CPU.ActiveCfg = Debug|Any CPU
		{CC8BD1D6-B3DB-454C-BC39-C035ED99CF56}.Debug|Any CPU.Build.0 = Debug|Any CPU
		{CC8BD1D6-B3DB-454C-BC39-C035ED99CF56}.Release|Any CPU.ActiveCfg = Release|Any CPU
		{CC8BD1D6-B3DB-454C-BC39-C035ED99CF56}.Release|Any CPU.Build.0 = Release|Any CPU
		{F8E42D52-9A76-4475-92FA-CF8FF286EF4C}.Debug|Any CPU.ActiveCfg = Debug|Any CPU
		{F8E42D52-9A76-4475-92FA-CF8FF286EF4C}.Debug|Any CPU.Build.0 = Debug|Any CPU
		{F8E42D52-9A76-4475-92FA-CF8FF286EF4C}.Release|Any CPU.ActiveCfg = Release|Any CPU
		{F8E42D52-9A76-4475-92FA-CF8FF286EF4C}.Release|Any CPU.Build.0 = Release|Any CPU
		{E6E3A82F-A269-42E3-A1C6-0B157CFF4408}.Debug|Any CPU.ActiveCfg = Debug|Any CPU
		{E6E3A82F-A269-42E3-A1C6-0B157CFF4408}.Debug|Any CPU.Build.0 = Debug|Any CPU
		{E6E3A82F-A269-42E3-A1C6-0B157CFF4408}.Release|Any CPU.ActiveCfg = Release|Any CPU
		{E6E3A82F-A269-42E3-A1C6-0B157CFF4408}.Release|Any CPU.Build.0 = Release|Any CPU
		{39B77149-636E-4C8B-A7DC-1FAAD0596CC1}.Debug|Any CPU.ActiveCfg = Debug|Any CPU
		{39B77149-636E-4C8B-A7DC-1FAAD0596CC1}.Debug|Any CPU.Build.0 = Debug|Any CPU
		{39B77149-636E-4C8B-A7DC-1FAAD0596CC1}.Release|Any CPU.ActiveCfg = Release|Any CPU
		{39B77149-636E-4C8B-A7DC-1FAAD0596CC1}.Release|Any CPU.Build.0 = Release|Any CPU
		{95283279-6151-4580-A781-93903696A1A2}.Debug|Any CPU.ActiveCfg = Debug|Any CPU
		{95283279-6151-4580-A781-93903696A1A2}.Debug|Any CPU.Build.0 = Debug|Any CPU
		{95283279-6151-4580-A781-93903696A1A2}.Release|Any CPU.ActiveCfg = Release|Any CPU
		{95283279-6151-4580-A781-93903696A1A2}.Release|Any CPU.Build.0 = Release|Any CPU
		{AC67EDD9-70F9-4A60-B7D3-74E1434D8800}.Debug|Any CPU.ActiveCfg = Debug|Any CPU
		{AC67EDD9-70F9-4A60-B7D3-74E1434D8800}.Debug|Any CPU.Build.0 = Debug|Any CPU
		{AC67EDD9-70F9-4A60-B7D3-74E1434D8800}.Release|Any CPU.ActiveCfg = Release|Any CPU
		{AC67EDD9-70F9-4A60-B7D3-74E1434D8800}.Release|Any CPU.Build.0 = Release|Any CPU
		{4C41B95D-C9E5-461A-B198-F1F36A61176A}.Debug|Any CPU.ActiveCfg = Debug|Any CPU
		{4C41B95D-C9E5-461A-B198-F1F36A61176A}.Debug|Any CPU.Build.0 = Debug|Any CPU
		{4C41B95D-C9E5-461A-B198-F1F36A61176A}.Release|Any CPU.ActiveCfg = Release|Any CPU
		{4C41B95D-C9E5-461A-B198-F1F36A61176A}.Release|Any CPU.Build.0 = Release|Any CPU
		{A5A5E353-A6B4-4809-83F4-1199572AAF11}.Debug|Any CPU.ActiveCfg = Debug|Any CPU
		{A5A5E353-A6B4-4809-83F4-1199572AAF11}.Debug|Any CPU.Build.0 = Debug|Any CPU
		{A5A5E353-A6B4-4809-83F4-1199572AAF11}.Release|Any CPU.ActiveCfg = Release|Any CPU
		{A5A5E353-A6B4-4809-83F4-1199572AAF11}.Release|Any CPU.Build.0 = Release|Any CPU
		{13718FBC-6B4E-41BE-A23B-2AFF88F42DA3}.Debug|Any CPU.ActiveCfg = Debug|Any CPU
		{13718FBC-6B4E-41BE-A23B-2AFF88F42DA3}.Debug|Any CPU.Build.0 = Debug|Any CPU
		{13718FBC-6B4E-41BE-A23B-2AFF88F42DA3}.Release|Any CPU.ActiveCfg = Release|Any CPU
		{13718FBC-6B4E-41BE-A23B-2AFF88F42DA3}.Release|Any CPU.Build.0 = Release|Any CPU
		{65E918D5-263A-417E-BA96-0326E9260F06}.Debug|Any CPU.ActiveCfg = Debug|Any CPU
		{65E918D5-263A-417E-BA96-0326E9260F06}.Debug|Any CPU.Build.0 = Debug|Any CPU
		{65E918D5-263A-417E-BA96-0326E9260F06}.Release|Any CPU.ActiveCfg = Release|Any CPU
		{65E918D5-263A-417E-BA96-0326E9260F06}.Release|Any CPU.Build.0 = Release|Any CPU
		{16E01083-F698-4E7F-9822-B76D251B8655}.Debug|Any CPU.ActiveCfg = Debug|Any CPU
		{16E01083-F698-4E7F-9822-B76D251B8655}.Debug|Any CPU.Build.0 = Debug|Any CPU
		{16E01083-F698-4E7F-9822-B76D251B8655}.Release|Any CPU.ActiveCfg = Release|Any CPU
		{16E01083-F698-4E7F-9822-B76D251B8655}.Release|Any CPU.Build.0 = Release|Any CPU
		{37C0A946-56FB-454D-9D17-5D56B45689EC}.Debug|Any CPU.ActiveCfg = Debug|Any CPU
		{37C0A946-56FB-454D-9D17-5D56B45689EC}.Debug|Any CPU.Build.0 = Debug|Any CPU
		{37C0A946-56FB-454D-9D17-5D56B45689EC}.Release|Any CPU.ActiveCfg = Release|Any CPU
		{37C0A946-56FB-454D-9D17-5D56B45689EC}.Release|Any CPU.Build.0 = Release|Any CPU
		{9BF85A89-CE68-4668-8CD9-67C3A05F39CD}.Debug|Any CPU.ActiveCfg = Debug|Any CPU
		{9BF85A89-CE68-4668-8CD9-67C3A05F39CD}.Debug|Any CPU.Build.0 = Debug|Any CPU
		{9BF85A89-CE68-4668-8CD9-67C3A05F39CD}.Release|Any CPU.ActiveCfg = Release|Any CPU
		{9BF85A89-CE68-4668-8CD9-67C3A05F39CD}.Release|Any CPU.Build.0 = Release|Any CPU
		{08DB2206-68FC-4772-B1AC-C62CFBD38B6B}.Debug|Any CPU.ActiveCfg = Debug|Any CPU
		{08DB2206-68FC-4772-B1AC-C62CFBD38B6B}.Debug|Any CPU.Build.0 = Debug|Any CPU
		{08DB2206-68FC-4772-B1AC-C62CFBD38B6B}.Release|Any CPU.ActiveCfg = Release|Any CPU
		{08DB2206-68FC-4772-B1AC-C62CFBD38B6B}.Release|Any CPU.Build.0 = Release|Any CPU
	EndGlobalSection
	GlobalSection(SolutionProperties) = preSolution
		HideSolutionNode = FALSE
	EndGlobalSection
	GlobalSection(NestedProjects) = preSolution
		{F8E42D52-9A76-4475-92FA-CF8FF286EF4C} = {EB54D000-867F-48CA-AE28-BDBE0CCE1322}
		{E6E3A82F-A269-42E3-A1C6-0B157CFF4408} = {EB54D000-867F-48CA-AE28-BDBE0CCE1322}
		{4C41B95D-C9E5-461A-B198-F1F36A61176A} = {EB54D000-867F-48CA-AE28-BDBE0CCE1322}
		{13718FBC-6B4E-41BE-A23B-2AFF88F42DA3} = {EFD6034B-FA26-4A09-8FDA-D03C3326560C}
	EndGlobalSection
	GlobalSection(ExtensibilityGlobals) = postSolution
		SolutionGuid = {C5B677B2-0D72-4629-A5FD-F94B00EC858B}
	EndGlobalSection
EndGlobal
